// !$*UTF8*$!
{
	archiveVersion = 1;
	classes = {
	};
	objectVersion = 50;
	objects = {

/* Begin PBXBuildFile section */
		4A7DDDD3245D8E7200EA288C /* CharacterDetailTableViewCell.swift in Sources */ = {isa = PBXBuildFile; fileRef = 4A7DDDD2245D8E7200EA288C /* CharacterDetailTableViewCell.swift */; };
		4A7DDDD7245D92C200EA288C /* CharacterDetailCollectionViewCell.swift in Sources */ = {isa = PBXBuildFile; fileRef = 4A7DDDD6245D92C200EA288C /* CharacterDetailCollectionViewCell.swift */; };
		4A7DDDDA245D939E00EA288C /* Utilities.swift in Sources */ = {isa = PBXBuildFile; fileRef = 4A7DDDD9245D939E00EA288C /* Utilities.swift */; };
		4A7DDDDC245EC9C900EA288C /* BattleTableViewCell.swift in Sources */ = {isa = PBXBuildFile; fileRef = 4A7DDDDB245EC9C900EA288C /* BattleTableViewCell.swift */; };
		4A7DDDDE245ED6A100EA288C /* BattleScreen.storyboard in Resources */ = {isa = PBXBuildFile; fileRef = 4A7DDDDD245ED6A100EA288C /* BattleScreen.storyboard */; };
		4A7DDDE0245ED6F800EA288C /* BattleAddViewController.swift in Sources */ = {isa = PBXBuildFile; fileRef = 4A7DDDDF245ED6F800EA288C /* BattleAddViewController.swift */; };
		D53C89A5245B6797000A31AD /* AppDelegate.swift in Sources */ = {isa = PBXBuildFile; fileRef = D53C89A4245B6797000A31AD /* AppDelegate.swift */; };
		D53C89A7245B6797000A31AD /* SceneDelegate.swift in Sources */ = {isa = PBXBuildFile; fileRef = D53C89A6245B6797000A31AD /* SceneDelegate.swift */; };
		D53C89A9245B6797000A31AD /* AvengersViewController.swift in Sources */ = {isa = PBXBuildFile; fileRef = D53C89A8245B6797000A31AD /* AvengersViewController.swift */; };
		D53C89AC245B6797000A31AD /* Main.storyboard in Resources */ = {isa = PBXBuildFile; fileRef = D53C89AA245B6797000A31AD /* Main.storyboard */; };
		D53C89AF245B6797000A31AD /* AvergersApp.xcdatamodeld in Sources */ = {isa = PBXBuildFile; fileRef = D53C89AD245B6797000A31AD /* AvergersApp.xcdatamodeld */; };
		D53C89B1245B679E000A31AD /* Assets.xcassets in Resources */ = {isa = PBXBuildFile; fileRef = D53C89B0245B679E000A31AD /* Assets.xcassets */; };
		D53C89B4245B679E000A31AD /* LaunchScreen.storyboard in Resources */ = {isa = PBXBuildFile; fileRef = D53C89B2245B679E000A31AD /* LaunchScreen.storyboard */; };
		D53C89C6245C6C30000A31AD /* VillainViewController.swift in Sources */ = {isa = PBXBuildFile; fileRef = D53C89C5245C6C30000A31AD /* VillainViewController.swift */; };
		D53C89C8245C6C43000A31AD /* BattleViewController.swift in Sources */ = {isa = PBXBuildFile; fileRef = D53C89C7245C6C43000A31AD /* BattleViewController.swift */; };
		D53C89CB245C6E43000A31AD /* CharacterTableViewCell.swift in Sources */ = {isa = PBXBuildFile; fileRef = D53C89C9245C6E43000A31AD /* CharacterTableViewCell.swift */; };
		D53C89CC245C6E43000A31AD /* CharacterTableViewCell.xib in Resources */ = {isa = PBXBuildFile; fileRef = D53C89CA245C6E43000A31AD /* CharacterTableViewCell.xib */; };
		D5C7916C245C9A0E00C3ED6B /* CharacterDetail.storyboard in Resources */ = {isa = PBXBuildFile; fileRef = D5C7916B245C9A0E00C3ED6B /* CharacterDetail.storyboard */; };
		D5C7916E245C9ACB00C3ED6B /* CharacterDetailViewController.swift in Sources */ = {isa = PBXBuildFile; fileRef = D5C7916D245C9ACB00C3ED6B /* CharacterDetailViewController.swift */; };
		D5C79170245C9B4D00C3ED6B /* Character.swift in Sources */ = {isa = PBXBuildFile; fileRef = D5C7916F245C9B4D00C3ED6B /* Character.swift */; };
		D5C79174245DEBCD00C3ED6B /* villains.json in Resources */ = {isa = PBXBuildFile; fileRef = D5C79172245DEBCD00C3ED6B /* villains.json */; };
		D5C79175245DEBCD00C3ED6B /* avengers.json in Resources */ = {isa = PBXBuildFile; fileRef = D5C79173245DEBCD00C3ED6B /* avengers.json */; };
		D5C79177245E08AD00C3ED6B /* Database.swift in Sources */ = {isa = PBXBuildFile; fileRef = D5C79176245E08AD00C3ED6B /* Database.swift */; };
		D5C79179245E0E5900C3ED6B /* DataProvider.swift in Sources */ = {isa = PBXBuildFile; fileRef = D5C79178245E0E5900C3ED6B /* DataProvider.swift */; };
		D5C7917F245E3F9600C3ED6B /* EditPowerCharacterViewController.swift in Sources */ = {isa = PBXBuildFile; fileRef = D5C7917E245E3F9600C3ED6B /* EditPowerCharacterViewController.swift */; };
		D5C79181245EF53000C3ED6B /* BattleAvengerSelectTableViewCell.swift in Sources */ = {isa = PBXBuildFile; fileRef = D5C79180245EF53000C3ED6B /* BattleAvengerSelectTableViewCell.swift */; };
		D5C79183245EF65C00C3ED6B /* BattleAvengerSelectViewController.swift in Sources */ = {isa = PBXBuildFile; fileRef = D5C79182245EF65C00C3ED6B /* BattleAvengerSelectViewController.swift */; };
		D5C79185245F167900C3ED6B /* BattleVillainSelectViewController.swift in Sources */ = {isa = PBXBuildFile; fileRef = D5C79184245F167900C3ED6B /* BattleVillainSelectViewController.swift */; };
		D5C79187245F174300C3ED6B /* BattleVillainSelectTableViewCell.swift in Sources */ = {isa = PBXBuildFile; fileRef = D5C79186245F174300C3ED6B /* BattleVillainSelectTableViewCell.swift */; };
/* End PBXBuildFile section */

/* Begin PBXFileReference section */
		4A7DDDD2245D8E7200EA288C /* CharacterDetailTableViewCell.swift */ = {isa = PBXFileReference; lastKnownFileType = sourcecode.swift; path = CharacterDetailTableViewCell.swift; sourceTree = "<group>"; };
		4A7DDDD6245D92C200EA288C /* CharacterDetailCollectionViewCell.swift */ = {isa = PBXFileReference; lastKnownFileType = sourcecode.swift; path = CharacterDetailCollectionViewCell.swift; sourceTree = "<group>"; };
		4A7DDDD9245D939E00EA288C /* Utilities.swift */ = {isa = PBXFileReference; lastKnownFileType = sourcecode.swift; path = Utilities.swift; sourceTree = "<group>"; };
		4A7DDDDB245EC9C900EA288C /* BattleTableViewCell.swift */ = {isa = PBXFileReference; lastKnownFileType = sourcecode.swift; path = BattleTableViewCell.swift; sourceTree = "<group>"; };
		4A7DDDDD245ED6A100EA288C /* BattleScreen.storyboard */ = {isa = PBXFileReference; lastKnownFileType = file.storyboard; path = BattleScreen.storyboard; sourceTree = "<group>"; };
		4A7DDDDF245ED6F800EA288C /* BattleAddViewController.swift */ = {isa = PBXFileReference; lastKnownFileType = sourcecode.swift; path = BattleAddViewController.swift; sourceTree = "<group>"; };
		D53C89A1245B6797000A31AD /* AvergersApp.app */ = {isa = PBXFileReference; explicitFileType = wrapper.application; includeInIndex = 0; path = AvergersApp.app; sourceTree = BUILT_PRODUCTS_DIR; };
		D53C89A4245B6797000A31AD /* AppDelegate.swift */ = {isa = PBXFileReference; lastKnownFileType = sourcecode.swift; path = AppDelegate.swift; sourceTree = "<group>"; };
		D53C89A6245B6797000A31AD /* SceneDelegate.swift */ = {isa = PBXFileReference; lastKnownFileType = sourcecode.swift; path = SceneDelegate.swift; sourceTree = "<group>"; };
		D53C89A8245B6797000A31AD /* AvengersViewController.swift */ = {isa = PBXFileReference; lastKnownFileType = sourcecode.swift; path = AvengersViewController.swift; sourceTree = "<group>"; };
		D53C89AB245B6797000A31AD /* Base */ = {isa = PBXFileReference; lastKnownFileType = file.storyboard; name = Base; path = Base.lproj/Main.storyboard; sourceTree = "<group>"; };
		D53C89AE245B6797000A31AD /* AvergersApp.xcdatamodel */ = {isa = PBXFileReference; lastKnownFileType = wrapper.xcdatamodel; path = AvergersApp.xcdatamodel; sourceTree = "<group>"; };
		D53C89B0245B679E000A31AD /* Assets.xcassets */ = {isa = PBXFileReference; lastKnownFileType = folder.assetcatalog; path = Assets.xcassets; sourceTree = "<group>"; };
		D53C89B3245B679E000A31AD /* Base */ = {isa = PBXFileReference; lastKnownFileType = file.storyboard; name = Base; path = Base.lproj/LaunchScreen.storyboard; sourceTree = "<group>"; };
		D53C89B5245B679E000A31AD /* Info.plist */ = {isa = PBXFileReference; lastKnownFileType = text.plist.xml; path = Info.plist; sourceTree = "<group>"; };
		D53C89C5245C6C30000A31AD /* VillainViewController.swift */ = {isa = PBXFileReference; lastKnownFileType = sourcecode.swift; path = VillainViewController.swift; sourceTree = "<group>"; };
		D53C89C7245C6C43000A31AD /* BattleViewController.swift */ = {isa = PBXFileReference; lastKnownFileType = sourcecode.swift; path = BattleViewController.swift; sourceTree = "<group>"; };
		D53C89C9245C6E43000A31AD /* CharacterTableViewCell.swift */ = {isa = PBXFileReference; lastKnownFileType = sourcecode.swift; path = CharacterTableViewCell.swift; sourceTree = "<group>"; };
		D53C89CA245C6E43000A31AD /* CharacterTableViewCell.xib */ = {isa = PBXFileReference; lastKnownFileType = file.xib; path = CharacterTableViewCell.xib; sourceTree = "<group>"; };
		D5C7916B245C9A0E00C3ED6B /* CharacterDetail.storyboard */ = {isa = PBXFileReference; lastKnownFileType = file.storyboard; path = CharacterDetail.storyboard; sourceTree = "<group>"; };
		D5C7916D245C9ACB00C3ED6B /* CharacterDetailViewController.swift */ = {isa = PBXFileReference; lastKnownFileType = sourcecode.swift; path = CharacterDetailViewController.swift; sourceTree = "<group>"; };
		D5C7916F245C9B4D00C3ED6B /* Character.swift */ = {isa = PBXFileReference; lastKnownFileType = sourcecode.swift; path = Character.swift; sourceTree = "<group>"; };
		D5C79172245DEBCD00C3ED6B /* villains.json */ = {isa = PBXFileReference; fileEncoding = 4; lastKnownFileType = text.json; path = villains.json; sourceTree = "<group>"; };
		D5C79173245DEBCD00C3ED6B /* avengers.json */ = {isa = PBXFileReference; fileEncoding = 4; lastKnownFileType = text.json; path = avengers.json; sourceTree = "<group>"; xcLanguageSpecificationIdentifier = xcode.lang.json; };
		D5C79176245E08AD00C3ED6B /* Database.swift */ = {isa = PBXFileReference; lastKnownFileType = sourcecode.swift; path = Database.swift; sourceTree = "<group>"; };
		D5C79178245E0E5900C3ED6B /* DataProvider.swift */ = {isa = PBXFileReference; lastKnownFileType = sourcecode.swift; path = DataProvider.swift; sourceTree = "<group>"; };
		D5C7917E245E3F9600C3ED6B /* EditPowerCharacterViewController.swift */ = {isa = PBXFileReference; lastKnownFileType = sourcecode.swift; path = EditPowerCharacterViewController.swift; sourceTree = "<group>"; };
		D5C79180245EF53000C3ED6B /* BattleAvengerSelectTableViewCell.swift */ = {isa = PBXFileReference; lastKnownFileType = sourcecode.swift; path = BattleAvengerSelectTableViewCell.swift; sourceTree = "<group>"; };
		D5C79182245EF65C00C3ED6B /* BattleAvengerSelectViewController.swift */ = {isa = PBXFileReference; lastKnownFileType = sourcecode.swift; path = BattleAvengerSelectViewController.swift; sourceTree = "<group>"; };
		D5C79184245F167900C3ED6B /* BattleVillainSelectViewController.swift */ = {isa = PBXFileReference; lastKnownFileType = sourcecode.swift; path = BattleVillainSelectViewController.swift; sourceTree = "<group>"; };
		D5C79186245F174300C3ED6B /* BattleVillainSelectTableViewCell.swift */ = {isa = PBXFileReference; lastKnownFileType = sourcecode.swift; path = BattleVillainSelectTableViewCell.swift; sourceTree = "<group>"; };
/* End PBXFileReference section */

/* Begin PBXFrameworksBuildPhase section */
		D53C899E245B6797000A31AD /* Frameworks */ = {
			isa = PBXFrameworksBuildPhase;
			buildActionMask = 2147483647;
			files = (
			);
			runOnlyForDeploymentPostprocessing = 0;
		};
/* End PBXFrameworksBuildPhase section */

/* Begin PBXGroup section */
		4A7DDDD8245D938C00EA288C /* Utils */ = {
			isa = PBXGroup;
			children = (
				4A7DDDD9245D939E00EA288C /* Utilities.swift */,
			);
			path = Utils;
			sourceTree = "<group>";
		};
		D53C8998245B6796000A31AD = {
			isa = PBXGroup;
			children = (
				D53C89A3245B6797000A31AD /* AvergersApp */,
				D53C89A2245B6797000A31AD /* Products */,
			);
			sourceTree = "<group>";
		};
		D53C89A2245B6797000A31AD /* Products */ = {
			isa = PBXGroup;
			children = (
				D53C89A1245B6797000A31AD /* AvergersApp.app */,
			);
			name = Products;
			sourceTree = "<group>";
		};
		D53C89A3245B6797000A31AD /* AvergersApp */ = {
			isa = PBXGroup;
			children = (
				4A7DDDD8245D938C00EA288C /* Utils */,
				D53C89BB245B691D000A31AD /* App */,
				D53C89BC245B6928000A31AD /* Resource */,
				D53C89BD245B6937000A31AD /* Data */,
				D53C89C1245B6962000A31AD /* UI */,
			);
			path = AvergersApp;
			sourceTree = "<group>";
		};
		D53C89BB245B691D000A31AD /* App */ = {
			isa = PBXGroup;
			children = (
				D53C89A4245B6797000A31AD /* AppDelegate.swift */,
				D53C89A6245B6797000A31AD /* SceneDelegate.swift */,
				D53C89B5245B679E000A31AD /* Info.plist */,
			);
			path = App;
			sourceTree = "<group>";
		};
		D53C89BC245B6928000A31AD /* Resource */ = {
			isa = PBXGroup;
			children = (
				D53C89B0245B679E000A31AD /* Assets.xcassets */,
			);
			path = Resource;
			sourceTree = "<group>";
		};
		D53C89BD245B6937000A31AD /* Data */ = {
			isa = PBXGroup;
			children = (
				D53C89BF245B6949000A31AD /* Local */,
				D5C79178245E0E5900C3ED6B /* DataProvider.swift */,
			);
			path = Data;
			sourceTree = "<group>";
		};
		D53C89BF245B6949000A31AD /* Local */ = {
			isa = PBXGroup;
			children = (
				D5C79171245DE22600C3ED6B /* JSON */,
				D53C89C0245B6952000A31AD /* Models */,
				D5C79176245E08AD00C3ED6B /* Database.swift */,
			);
			path = Local;
			sourceTree = "<group>";
		};
		D53C89C0245B6952000A31AD /* Models */ = {
			isa = PBXGroup;
			children = (
				D53C89AD245B6797000A31AD /* AvergersApp.xcdatamodeld */,
				D5C7916F245C9B4D00C3ED6B /* Character.swift */,
			);
			path = Models;
			sourceTree = "<group>";
		};
		D53C89C1245B6962000A31AD /* UI */ = {
			isa = PBXGroup;
			children = (
				D53C89CD245C8954000A31AD /* Storyboard */,
				D53C89C4245B6977000A31AD /* Controllers */,
				D53C89C3245B696F000A31AD /* Cells */,
				D53C89C2245B6969000A31AD /* Views */,
			);
			path = UI;
			sourceTree = "<group>";
		};
		D53C89C2245B6969000A31AD /* Views */ = {
			isa = PBXGroup;
			children = (
				D53C89CA245C6E43000A31AD /* CharacterTableViewCell.xib */,
			);
			path = Views;
			sourceTree = "<group>";
		};
		D53C89C3245B696F000A31AD /* Cells */ = {
			isa = PBXGroup;
			children = (
				D53C89C9245C6E43000A31AD /* CharacterTableViewCell.swift */,
				4A7DDDD2245D8E7200EA288C /* CharacterDetailTableViewCell.swift */,
				4A7DDDD6245D92C200EA288C /* CharacterDetailCollectionViewCell.swift */,
				4A7DDDDB245EC9C900EA288C /* BattleTableViewCell.swift */,
				D5C79180245EF53000C3ED6B /* BattleAvengerSelectTableViewCell.swift */,
				D5C79186245F174300C3ED6B /* BattleVillainSelectTableViewCell.swift */,
			);
			path = Cells;
			sourceTree = "<group>";
		};
		D53C89C4245B6977000A31AD /* Controllers */ = {
			isa = PBXGroup;
			children = (
				D53C89A8245B6797000A31AD /* AvengersViewController.swift */,
				D53C89C5245C6C30000A31AD /* VillainViewController.swift */,
				D53C89C7245C6C43000A31AD /* BattleViewController.swift */,
				D5C7916D245C9ACB00C3ED6B /* CharacterDetailViewController.swift */,
				D5C7917E245E3F9600C3ED6B /* EditPowerCharacterViewController.swift */,
				4A7DDDDF245ED6F800EA288C /* BattleAddViewController.swift */,
				D5C79182245EF65C00C3ED6B /* BattleAvengerSelectViewController.swift */,
				D5C79184245F167900C3ED6B /* BattleVillainSelectViewController.swift */,
			);
			path = Controllers;
			sourceTree = "<group>";
		};
		D53C89CD245C8954000A31AD /* Storyboard */ = {
			isa = PBXGroup;
			children = (
				D53C89B2245B679E000A31AD /* LaunchScreen.storyboard */,
				D53C89AA245B6797000A31AD /* Main.storyboard */,
				D5C7916B245C9A0E00C3ED6B /* CharacterDetail.storyboard */,
				4A7DDDDD245ED6A100EA288C /* BattleScreen.storyboard */,
			);
			path = Storyboard;
			sourceTree = "<group>";
		};
		D5C79171245DE22600C3ED6B /* JSON */ = {
			isa = PBXGroup;
			children = (
				D5C79173245DEBCD00C3ED6B /* avengers.json */,
				D5C79172245DEBCD00C3ED6B /* villains.json */,
			);
			path = JSON;
			sourceTree = "<group>";
		};
/* End PBXGroup section */

/* Begin PBXNativeTarget section */
		D53C89A0245B6797000A31AD /* AvergersApp */ = {
			isa = PBXNativeTarget;
			buildConfigurationList = D53C89B8245B679E000A31AD /* Build configuration list for PBXNativeTarget "AvergersApp" */;
			buildPhases = (
				D53C899D245B6797000A31AD /* Sources */,
				D53C899E245B6797000A31AD /* Frameworks */,
				D53C899F245B6797000A31AD /* Resources */,
			);
			buildRules = (
			);
			dependencies = (
			);
			name = AvergersApp;
			productName = AvergersApp;
			productReference = D53C89A1245B6797000A31AD /* AvergersApp.app */;
			productType = "com.apple.product-type.application";
		};
/* End PBXNativeTarget section */

/* Begin PBXProject section */
		D53C8999245B6796000A31AD /* Project object */ = {
			isa = PBXProject;
			attributes = {
				LastSwiftUpdateCheck = 1140;
				LastUpgradeCheck = 1140;
				ORGANIZATIONNAME = "Ivan Llopis Guardado";
				TargetAttributes = {
					D53C89A0245B6797000A31AD = {
						CreatedOnToolsVersion = 11.4;
					};
				};
			};
			buildConfigurationList = D53C899C245B6797000A31AD /* Build configuration list for PBXProject "AvergersApp" */;
			compatibilityVersion = "Xcode 9.3";
			developmentRegion = en;
			hasScannedForEncodings = 0;
			knownRegions = (
				en,
				Base,
			);
			mainGroup = D53C8998245B6796000A31AD;
			productRefGroup = D53C89A2245B6797000A31AD /* Products */;
			projectDirPath = "";
			projectRoot = "";
			targets = (
				D53C89A0245B6797000A31AD /* AvergersApp */,
			);
		};
/* End PBXProject section */

/* Begin PBXResourcesBuildPhase section */
		D53C899F245B6797000A31AD /* Resources */ = {
			isa = PBXResourcesBuildPhase;
			buildActionMask = 2147483647;
			files = (
				D53C89B4245B679E000A31AD /* LaunchScreen.storyboard in Resources */,
				D53C89B1245B679E000A31AD /* Assets.xcassets in Resources */,
				4A7DDDDE245ED6A100EA288C /* BattleScreen.storyboard in Resources */,
				D53C89AC245B6797000A31AD /* Main.storyboard in Resources */,
				D5C79174245DEBCD00C3ED6B /* villains.json in Resources */,
				D5C79175245DEBCD00C3ED6B /* avengers.json in Resources */,
				D53C89CC245C6E43000A31AD /* CharacterTableViewCell.xib in Resources */,
				D5C7916C245C9A0E00C3ED6B /* CharacterDetail.storyboard in Resources */,
			);
			runOnlyForDeploymentPostprocessing = 0;
		};
/* End PBXResourcesBuildPhase section */

/* Begin PBXSourcesBuildPhase section */
		D53C899D245B6797000A31AD /* Sources */ = {
			isa = PBXSourcesBuildPhase;
			buildActionMask = 2147483647;
			files = (
				D5C7917F245E3F9600C3ED6B /* EditPowerCharacterViewController.swift in Sources */,
				D53C89C8245C6C43000A31AD /* BattleViewController.swift in Sources */,
				D53C89CB245C6E43000A31AD /* CharacterTableViewCell.swift in Sources */,
				4A7DDDDC245EC9C900EA288C /* BattleTableViewCell.swift in Sources */,
				D5C79187245F174300C3ED6B /* BattleVillainSelectTableViewCell.swift in Sources */,
				D53C89AF245B6797000A31AD /* AvergersApp.xcdatamodeld in Sources */,
				4A7DDDDA245D939E00EA288C /* Utilities.swift in Sources */,
				D5C79183245EF65C00C3ED6B /* BattleAvengerSelectViewController.swift in Sources */,
				D53C89C6245C6C30000A31AD /* VillainViewController.swift in Sources */,
				4A7DDDE0245ED6F800EA288C /* BattleAddViewController.swift in Sources */,
				4A7DDDD7245D92C200EA288C /* CharacterDetailCollectionViewCell.swift in Sources */,
				4A7DDDD3245D8E7200EA288C /* CharacterDetailTableViewCell.swift in Sources */,
				D53C89A9245B6797000A31AD /* AvengersViewController.swift in Sources */,
				D5C79185245F167900C3ED6B /* BattleVillainSelectViewController.swift in Sources */,
				D5C7916E245C9ACB00C3ED6B /* CharacterDetailViewController.swift in Sources */,
				D5C79181245EF53000C3ED6B /* BattleAvengerSelectTableViewCell.swift in Sources */,
				D5C79170245C9B4D00C3ED6B /* Character.swift in Sources */,
				D5C79179245E0E5900C3ED6B /* DataProvider.swift in Sources */,
				D53C89A5245B6797000A31AD /* AppDelegate.swift in Sources */,
				D5C79177245E08AD00C3ED6B /* Database.swift in Sources */,
				D53C89A7245B6797000A31AD /* SceneDelegate.swift in Sources */,
			);
			runOnlyForDeploymentPostprocessing = 0;
		};
/* End PBXSourcesBuildPhase section */

/* Begin PBXVariantGroup section */
		D53C89AA245B6797000A31AD /* Main.storyboard */ = {
			isa = PBXVariantGroup;
			children = (
				D53C89AB245B6797000A31AD /* Base */,
			);
			name = Main.storyboard;
			sourceTree = "<group>";
		};
		D53C89B2245B679E000A31AD /* LaunchScreen.storyboard */ = {
			isa = PBXVariantGroup;
			children = (
				D53C89B3245B679E000A31AD /* Base */,
			);
			name = LaunchScreen.storyboard;
			sourceTree = "<group>";
		};
/* End PBXVariantGroup section */

/* Begin XCBuildConfiguration section */
		D53C89B6245B679E000A31AD /* Debug */ = {
			isa = XCBuildConfiguration;
			buildSettings = {
				ALWAYS_SEARCH_USER_PATHS = NO;
				CLANG_ANALYZER_NONNULL = YES;
				CLANG_ANALYZER_NUMBER_OBJECT_CONVERSION = YES_AGGRESSIVE;
				CLANG_CXX_LANGUAGE_STANDARD = "gnu++14";
				CLANG_CXX_LIBRARY = "libc++";
				CLANG_ENABLE_MODULES = YES;
				CLANG_ENABLE_OBJC_ARC = YES;
				CLANG_ENABLE_OBJC_WEAK = YES;
				CLANG_WARN_BLOCK_CAPTURE_AUTORELEASING = YES;
				CLANG_WARN_BOOL_CONVERSION = YES;
				CLANG_WARN_COMMA = YES;
				CLANG_WARN_CONSTANT_CONVERSION = YES;
				CLANG_WARN_DEPRECATED_OBJC_IMPLEMENTATIONS = YES;
				CLANG_WARN_DIRECT_OBJC_ISA_USAGE = YES_ERROR;
				CLANG_WARN_DOCUMENTATION_COMMENTS = YES;
				CLANG_WARN_EMPTY_BODY = YES;
				CLANG_WARN_ENUM_CONVERSION = YES;
				CLANG_WARN_INFINITE_RECURSION = YES;
				CLANG_WARN_INT_CONVERSION = YES;
				CLANG_WARN_NON_LITERAL_NULL_CONVERSION = YES;
				CLANG_WARN_OBJC_IMPLICIT_RETAIN_SELF = YES;
				CLANG_WARN_OBJC_LITERAL_CONVERSION = YES;
				CLANG_WARN_OBJC_ROOT_CLASS = YES_ERROR;
				CLANG_WARN_RANGE_LOOP_ANALYSIS = YES;
				CLANG_WARN_STRICT_PROTOTYPES = YES;
				CLANG_WARN_SUSPICIOUS_MOVE = YES;
				CLANG_WARN_UNGUARDED_AVAILABILITY = YES_AGGRESSIVE;
				CLANG_WARN_UNREACHABLE_CODE = YES;
				CLANG_WARN__DUPLICATE_METHOD_MATCH = YES;
				COPY_PHASE_STRIP = NO;
				DEBUG_INFORMATION_FORMAT = dwarf;
				ENABLE_STRICT_OBJC_MSGSEND = YES;
				ENABLE_TESTABILITY = YES;
				GCC_C_LANGUAGE_STANDARD = gnu11;
				GCC_DYNAMIC_NO_PIC = NO;
				GCC_NO_COMMON_BLOCKS = YES;
				GCC_OPTIMIZATION_LEVEL = 0;
				GCC_PREPROCESSOR_DEFINITIONS = (
					"DEBUG=1",
					"$(inherited)",
				);
				GCC_WARN_64_TO_32_BIT_CONVERSION = YES;
				GCC_WARN_ABOUT_RETURN_TYPE = YES_ERROR;
				GCC_WARN_UNDECLARED_SELECTOR = YES;
				GCC_WARN_UNINITIALIZED_AUTOS = YES_AGGRESSIVE;
				GCC_WARN_UNUSED_FUNCTION = YES;
				GCC_WARN_UNUSED_VARIABLE = YES;
				IPHONEOS_DEPLOYMENT_TARGET = 13.4;
				MTL_ENABLE_DEBUG_INFO = INCLUDE_SOURCE;
				MTL_FAST_MATH = YES;
				ONLY_ACTIVE_ARCH = YES;
				SDKROOT = iphoneos;
				SWIFT_ACTIVE_COMPILATION_CONDITIONS = DEBUG;
				SWIFT_OPTIMIZATION_LEVEL = "-Onone";
			};
			name = Debug;
		};
		D53C89B7245B679E000A31AD /* Release */ = {
			isa = XCBuildConfiguration;
			buildSettings = {
				ALWAYS_SEARCH_USER_PATHS = NO;
				CLANG_ANALYZER_NONNULL = YES;
				CLANG_ANALYZER_NUMBER_OBJECT_CONVERSION = YES_AGGRESSIVE;
				CLANG_CXX_LANGUAGE_STANDARD = "gnu++14";
				CLANG_CXX_LIBRARY = "libc++";
				CLANG_ENABLE_MODULES = YES;
				CLANG_ENABLE_OBJC_ARC = YES;
				CLANG_ENABLE_OBJC_WEAK = YES;
				CLANG_WARN_BLOCK_CAPTURE_AUTORELEASING = YES;
				CLANG_WARN_BOOL_CONVERSION = YES;
				CLANG_WARN_COMMA = YES;
				CLANG_WARN_CONSTANT_CONVERSION = YES;
				CLANG_WARN_DEPRECATED_OBJC_IMPLEMENTATIONS = YES;
				CLANG_WARN_DIRECT_OBJC_ISA_USAGE = YES_ERROR;
				CLANG_WARN_DOCUMENTATION_COMMENTS = YES;
				CLANG_WARN_EMPTY_BODY = YES;
				CLANG_WARN_ENUM_CONVERSION = YES;
				CLANG_WARN_INFINITE_RECURSION = YES;
				CLANG_WARN_INT_CONVERSION = YES;
				CLANG_WARN_NON_LITERAL_NULL_CONVERSION = YES;
				CLANG_WARN_OBJC_IMPLICIT_RETAIN_SELF = YES;
				CLANG_WARN_OBJC_LITERAL_CONVERSION = YES;
				CLANG_WARN_OBJC_ROOT_CLASS = YES_ERROR;
				CLANG_WARN_RANGE_LOOP_ANALYSIS = YES;
				CLANG_WARN_STRICT_PROTOTYPES = YES;
				CLANG_WARN_SUSPICIOUS_MOVE = YES;
				CLANG_WARN_UNGUARDED_AVAILABILITY = YES_AGGRESSIVE;
				CLANG_WARN_UNREACHABLE_CODE = YES;
				CLANG_WARN__DUPLICATE_METHOD_MATCH = YES;
				COPY_PHASE_STRIP = NO;
				DEBUG_INFORMATION_FORMAT = "dwarf-with-dsym";
				ENABLE_NS_ASSERTIONS = NO;
				ENABLE_STRICT_OBJC_MSGSEND = YES;
				GCC_C_LANGUAGE_STANDARD = gnu11;
				GCC_NO_COMMON_BLOCKS = YES;
				GCC_WARN_64_TO_32_BIT_CONVERSION = YES;
				GCC_WARN_ABOUT_RETURN_TYPE = YES_ERROR;
				GCC_WARN_UNDECLARED_SELECTOR = YES;
				GCC_WARN_UNINITIALIZED_AUTOS = YES_AGGRESSIVE;
				GCC_WARN_UNUSED_FUNCTION = YES;
				GCC_WARN_UNUSED_VARIABLE = YES;
				IPHONEOS_DEPLOYMENT_TARGET = 13.4;
				MTL_ENABLE_DEBUG_INFO = NO;
				MTL_FAST_MATH = YES;
				SDKROOT = iphoneos;
				SWIFT_COMPILATION_MODE = wholemodule;
				SWIFT_OPTIMIZATION_LEVEL = "-O";
				VALIDATE_PRODUCT = YES;
			};
			name = Release;
		};
		D53C89B9245B679E000A31AD /* Debug */ = {
			isa = XCBuildConfiguration;
			buildSettings = {
				ASSETCATALOG_COMPILER_APPICON_NAME = AppIcon;
				CODE_SIGN_STYLE = Automatic;
				DEVELOPMENT_TEAM = X9SDP4L247;
				INFOPLIST_FILE = AvergersApp/App/Info.plist;
				LD_RUNPATH_SEARCH_PATHS = (
					"$(inherited)",
					"@executable_path/Frameworks",
				);
				PRODUCT_BUNDLE_IDENTIFIER = com.ivanllopis.AvergersApp;
				PRODUCT_NAME = "$(TARGET_NAME)";
				SWIFT_VERSION = 5.0;
				TARGETED_DEVICE_FAMILY = "1,2";
			};
			name = Debug;
		};
		D53C89BA245B679E000A31AD /* Release */ = {
			isa = XCBuildConfiguration;
			buildSettings = {
				ASSETCATALOG_COMPILER_APPICON_NAME = AppIcon;
				CODE_SIGN_STYLE = Automatic;
				DEVELOPMENT_TEAM = X9SDP4L247;
				INFOPLIST_FILE = AvergersApp/App/Info.plist;
				LD_RUNPATH_SEARCH_PATHS = (
					"$(inherited)",
					"@executable_path/Frameworks",
				);
				PRODUCT_BUNDLE_IDENTIFIER = com.ivanllopis.AvergersApp;
				PRODUCT_NAME = "$(TARGET_NAME)";
				SWIFT_VERSION = 5.0;
				TARGETED_DEVICE_FAMILY = "1,2";
			};
			name = Release;
		};
/* End XCBuildConfiguration section */

/* Begin XCConfigurationList section */
		D53C899C245B6797000A31AD /* Build configuration list for PBXProject "AvergersApp" */ = {
			isa = XCConfigurationList;
			buildConfigurations = (
				D53C89B6245B679E000A31AD /* Debug */,
				D53C89B7245B679E000A31AD /* Release */,
			);
			defaultConfigurationIsVisible = 0;
			defaultConfigurationName = Release;
		};
		D53C89B8245B679E000A31AD /* Build configuration list for PBXNativeTarget "AvergersApp" */ = {
			isa = XCConfigurationList;
			buildConfigurations = (
				D53C89B9245B679E000A31AD /* Debug */,
				D53C89BA245B679E000A31AD /* Release */,
			);
			defaultConfigurationIsVisible = 0;
			defaultConfigurationName = Release;
		};
/* End XCConfigurationList section */

/* Begin XCVersionGroup section */
		D53C89AD245B6797000A31AD /* AvergersApp.xcdatamodeld */ = {
			isa = XCVersionGroup;
			children = (
				D53C89AE245B6797000A31AD /* AvergersApp.xcdatamodel */,
			);
			currentVersion = D53C89AE245B6797000A31AD /* AvergersApp.xcdatamodel */;
			path = AvergersApp.xcdatamodeld;
			sourceTree = "<group>";
			versionGroupType = wrapper.xcdatamodel;
		};
/* End XCVersionGroup section */
	};
	rootObject = D53C8999245B6796000A31AD /* Project object */;
}
